
Microsoft Visual Studio Solution File, Format Version 12.00
# Visual Studio Version 17
VisualStudioVersion = 17.5.002.0
MinimumVisualStudioVersion = 10.0.40219.1
Project("{9A19103F-16F7-4668-BE54-9A1E7A4F7556}") = "EXERCICIO3", "EXERCICIO3.csproj", "{24520B96-431B-4BA1-9087-F78113BEC5E7}"
EndProject
Global
	GlobalSection(SolutionConfigurationPlatforms) = preSolution
		Debug|Any CPU = Debug|Any CPU
		Release|Any CPU = Release|Any CPU
	EndGlobalSection
	GlobalSection(ProjectConfigurationPlatforms) = postSolution
		{24520B96-431B-4BA1-9087-F78113BEC5E7}.Debug|Any CPU.ActiveCfg = Debug|Any CPU
		{24520B96-431B-4BA1-9087-F78113BEC5E7}.Debug|Any CPU.Build.0 = Debug|Any CPU
		{24520B96-431B-4BA1-9087-F78113BEC5E7}.Release|Any CPU.ActiveCfg = Release|Any CPU
		{24520B96-431B-4BA1-9087-F78113BEC5E7}.Release|Any CPU.Build.0 = Release|Any CPU
	EndGlobalSection
	GlobalSection(SolutionProperties) = preSolution
		HideSolutionNode = FALSE
	EndGlobalSection
	GlobalSection(ExtensibilityGlobals) = postSolution
		SolutionGuid = {FC2FBDCA-509A-4766-A870-D0429FE1C918}
	EndGlobalSection
EndGlobal
